{
  "nodes": {
    "brew-src": {
      "flake": false,
      "locked": {
        "lastModified": 1786450006,
        "narHash": "sha256-QvFAWalqDF9eeYOct8M8YEI2+xXgxvxiJ72I0gnn60w=",
        "owner": "Homebrew",
        "repo": "brew",
        "rev": "4dacfe77a24dead72de749c0876028b77b99cd04",
        "type": "github"
      },
      "original": {
        "owner": "Homebrew",
        "ref": "6.0.17",
        "repo": "brew",
        "type": "github"
      }
    },
    "flake-utils": {
      "inputs": {
        "systems": "systems"
      },
      "locked": {
        "lastModified": 1731533236,
        "narHash": "sha256-l0KFg5HjrsfsO/JpG+r7fRrqm12kzFHyUHqHCVpMMbI=",
        "owner": "numtide",
        "repo": "flake-utils",
        "rev": "11707dc2f618dd54ca8739b309ec4fc024de578b",
        "type": "github"
      },
      "original": {
        "owner": "numtide",
        "repo": "flake-utils",
        "type": "github"
      }
    },
    "flake-utils_2": {
      "inputs": {
        "systems": "systems_2"
      },
      "locked": {
        "lastModified": 1731533236,
        "narHash": "sha256-l0KFg5HjrsfsO/JpG+r7fRrqm12kzFHyUHqHCVpMMbI=",
        "owner": "numtide",
        "repo": "flake-utils",
        "rev": "11707dc2f618dd54ca8739b309ec4fc024de578b",
        "type": "github"
      },
      "original": {
        "owner": "numtide",
        "repo": "flake-utils",
        "type": "github"
      }
    },
    "gati": {
      "inputs": {
        "flake-utils": "flake-utils",
        "nixpkgs": "nixpkgs",
        "rust-overlay": "rust-overlay"
      },
      "locked": {
        "lastModified": 1773719323,
        "narHash": "sha256-jOt/W4n1ZGhSIND+WWEFLComG8RgGxDtNQ47dWZ1a5I=",
        "owner": "YutaUra",
        "repo": "gati",
        "rev": "dc7bdd3d84641f9c303615df9d5b916c2e2eafa0",
        "type": "github"
      },
      "original": {
        "owner": "YutaUra",
        "repo": "gati",
        "type": "github"
      }
    },
    "herdr": {
      "inputs": {
        "nixpkgs": [
          "nixpkgs"
        ],
        "rust-overlay": "rust-overlay_2"
      },
      "locked": {
        "lastModified": 1788120028,
        "narHash": "sha256-kUPG7RzVlpW4JGpNQbz8PYSpnhUPrjImOpb8qxfniDI=",
        "owner": "ogulcancelik",
        "repo": "herdr",
        "rev": "2290257acb2085ce6842ba5c7e3ca50c3ba64f02",
        "type": "github"
      },
      "original": {
        "owner": "ogulcancelik",
        "repo": "herdr",
        "type": "github"
      }
    },
    "herdr-plugin-hunk": {
      "flake": false,
      "locked": {
        "lastModified": 1782242062,
        "narHash": "sha256-Ug5809kj7y4TJ2ViRG76jb5gLFbhdpyWNIL/vNbpgFo=",
        "owner": "edmundmiller",
        "repo": "herdr-plugin-hunk",
        "rev": "11ba5dcca4358203ca68f160becf6870cf016c18",
        "type": "github"
      },
      "original": {
        "owner": "edmundmiller",
        "repo": "herdr-plugin-hunk",
        "type": "github"
      }
    },
    "home-manager": {
      "inputs": {
        "nixpkgs": [
          "nixpkgs"
        ]
      },
      "locked": {
        "lastModified": 1787797243,
        "narHash": "sha256-8+Q7NOB7RPajRjA4pbCDLzqH+MTjnG9x6LUPLfL2joA=",
        "owner": "nix-community",
        "repo": "home-manager",
        "rev": "99c9ec63390f1d8c14d95d9e8b17cc29cfbd4e11",
        "type": "github"
      },
      "original": {
        "owner": "nix-community",
        "repo": "home-manager",
        "type": "github"
      }
    },
    "nix-darwin": {
      "inputs": {
        "nixpkgs": [
          "nixpkgs"
        ]
      },
      "locked": {
        "lastModified": 1786845137,
        "narHash": "sha256-oQFip+v0luP8NIxJzmiW4Wu8bILsbFWom5l0zonl8hQ=",
        "owner": "nix-darwin",
        "repo": "nix-darwin",
        "rev": "4cff07de74b50e64bdd68cd4e722ab5b6b35ee48",
        "type": "github"
      },
      "original": {
        "owner": "nix-darwin",
        "repo": "nix-darwin",
        "type": "github"
      }
    },
    "nix-homebrew": {
      "inputs": {
        "brew-src": [
          "brew-src"
        ]
      },
      "locked": {
        "lastModified": 1787330919,
        "narHash": "sha256-LslMncqN7uOOH5S88WZtO/EVt2HwD8ltUnfyANk+mC0=",
        "owner": "zhaofengli",
        "repo": "nix-homebrew",
        "rev": "b00218e4aec0e5bf07d61a0bb13f842faa582d7b",
        "type": "github"
      },
      "original": {
        "owner": "zhaofengli",
        "repo": "nix-homebrew",
        "type": "github"
      }
    },
    "nixpkgs": {
      "locked": {
        "lastModified": 1773110118,
        "narHash": "sha256-mPAG8phMbCReKSiKAijjjd3v7uVcJOQ75gSjGJjt/Rk=",
        "owner": "NixOS",
        "repo": "nixpkgs",
        "rev": "e607cb5360ff1234862ac9f8839522becb853bb9",
        "type": "github"
      },
      "original": {
        "owner": "NixOS",
        "ref": "nixpkgs-unstable",
        "repo": "nixpkgs",
        "type": "github"
      }
    },
    "nixpkgs_2": {
      "locked": {
        "lastModified": 1787964612,
        "narHash": "sha256-0N9nghg3nwzX6b6qc77EzjR9cu/Z+UR66FlfsCqiURs=",
        "owner": "NixOS",
        "repo": "nixpkgs",
        "rev": "e8be7818e19ada32105a8af937a6a473b38167ca",
        "type": "github"
      },
      "original": {
        "owner": "NixOS",
        "ref": "nixpkgs-unstable",
        "repo": "nixpkgs",
        "type": "github"
      }
    },
    "nixpkgs_3": {
      "locked": {
        "lastModified": 1773110118,
        "narHash": "sha256-mPAG8phMbCReKSiKAijjjd3v7uVcJOQ75gSjGJjt/Rk=",
        "owner": "NixOS",
        "repo": "nixpkgs",
        "rev": "e607cb5360ff1234862ac9f8839522becb853bb9",
        "type": "github"
      },
      "original": {
        "owner": "NixOS",
        "ref": "nixpkgs-unstable",
        "repo": "nixpkgs",
        "type": "github"
      }
    },
    "root": {
      "inputs": {
        "brew-src": "brew-src",
        "gati": "gati",
        "herdr": "herdr",
        "herdr-plugin-hunk": "herdr-plugin-hunk",
        "home-manager": "home-manager",
        "nix-darwin": "nix-darwin",
        "nix-homebrew": "nix-homebrew",
        "nixpkgs": "nixpkgs_2",
        "zyouz": "zyouz"
      }
    },
    "rust-overlay": {
      "inputs": {
        "nixpkgs": [
          "gati",
          "nixpkgs"
        ]
      },
      "locked": {
        "lastModified": 1773216618,
        "narHash": "sha256-iZlowevS+xKLGOXtZwpIrz3SWe7PtoGUfEeVZNib+WE=",
        "owner": "oxalica",
        "repo": "rust-overlay",
        "rev": "07d7dc6fcc5eae76b4fb0e19d4afd939437bec97",
        "type": "github"
      },
      "original": {
        "owner": "oxalica",
        "repo": "rust-overlay",
        "type": "github"
      }
    },
    "rust-overlay_2": {
      "inputs": {
        "nixpkgs": [
          "herdr",
          "nixpkgs"
        ]
      },
      "locked": {
        "lastModified": 1783577481,
        "narHash": "sha256-EWMxOWrJ031f8f/lrcEmhTRs4npw1/5N3Hcjin846c8=",
        "owner": "oxalica",
        "repo": "rust-overlay",
        "rev": "4cdea398dc491b082dccdce0fad1ed0b75fa3394",
        "type": "github"
      },
      "original": {
        "owner": "oxalica",
        "repo": "rust-overlay",
        "type": "github"
      }
    },
    "systems": {
      "locked": {
        "lastModified": 1681028828,
        "narHash": "sha256-Vy1rq5AaRuLzOxct8nz4T6wlgyUR7zLU309k9mBC768=",
        "owner": "nix-systems",
        "repo": "default",
        "rev": "da67096a3b9bf56a91d16901293e51ba5b49a27e",
        "type": "github"
      },
      "original": {
        "owner": "nix-systems",
        "repo": "default",
        "type": "github"
      }
    },
    "systems_2": {
      "locked": {
        "lastModified": 1681028828,
        "narHash": "sha256-Vy1rq5AaRuLzOxct8nz4T6wlgyUR7zLU309k9mBC768=",
        "owner": "nix-systems",
        "repo": "default",
        "rev": "da67096a3b9bf56a91d16901293e51ba5b49a27e",
        "type": "github"
      },
      "original": {
        "owner": "nix-systems",
        "repo": "default",
        "type": "github"
      }
    },
    "zyouz": {
      "inputs": {
        "flake-utils": "flake-utils_2",
        "nixpkgs": "nixpkgs_3"
      },
      "locked": {
        "lastModified": 1773718918,
        "narHash": "sha256-iPH8rGxqUI8mFceQ0nNokyrEwFPnRhcTp4qS+q5EXgM=",
        "owner": "YutaUra",
        "repo": "zyouz",
        "rev": "177be1c981d2ce680da334f74a79271d4f2fa313",
        "type": "github"
      },
      "original": {
        "owner": "YutaUra",
        "repo": "zyouz",
        "type": "github"
      }
    }
  },
  "root": "root",
  "version": 7
}
